{
    "name": "set-tool",
    "version": "1.0.0",
    "lockfileVersion": 2,
    "requires": true,
    "packages": {
        "": {
            "name": "set-tool",
            "version": "1.0.0",
            "license": "AGPL-3.0-or-later",
            "dependencies": {
                "@popperjs/core": "^2.11.2",
                "bootstrap": "^5.1.3",
                "bootstrap-icons": "^1.8.1",
                "bootstrap-switch-button": "^1.1.0",
                "choices.js": "^9.1.0",
                "datatables.net": "^1.11.3",
                "datatables.net-bs5": "^1.11.3",
                "jquery": "^3.5.1"
            }
        },
        "node_modules/@babel/runtime": {
            "version": "7.16.7",
            "resolved": "https://registry.npmjs.org/@babel/runtime/-/runtime-7.16.7.tgz",
            "integrity": "sha512-9E9FJowqAsytyOY6LG+1KuueckRL+aQW+mKvXRXnuFGyRAyepJPmEo9vgMfXUA6O9u3IeEdv9MAkppFcaQwogQ==",
            "dependencies": {
                "regenerator-runtime": "^0.13.4"
            },
            "engines": {
                "node": ">=6.9.0"
            }
        },
        "node_modules/@popperjs/core": {
            "version": "2.11.2",
            "resolved": "https://registry.npmjs.org/@popperjs/core/-/core-2.11.2.tgz",
            "integrity": "sha512-92FRmppjjqz29VMJ2dn+xdyXZBrMlE42AV6Kq6BwjWV7CNUW1hs2FtxSNLQE+gJhaZ6AAmYuO9y8dshhcBl7vA==",
            "funding": {
                "type": "opencollective",
                "url": "https://opencollective.com/popperjs"
            }
        },
        "node_modules/bootstrap": {
            "version": "5.1.3",
            "resolved": "https://registry.npmjs.org/bootstrap/-/bootstrap-5.1.3.tgz",
            "integrity": "sha512-fcQztozJ8jToQWXxVuEyXWW+dSo8AiXWKwiSSrKWsRB/Qt+Ewwza+JWoLKiTuQLaEPhdNAJ7+Dosc9DOIqNy7Q==",
            "funding": {
                "type": "opencollective",
                "url": "https://opencollective.com/bootstrap"
            },
            "peerDependencies": {
                "@popperjs/core": "^2.10.2"
            }
        },
        "node_modules/bootstrap-icons": {
            "version": "1.8.1",
            "resolved": "https://registry.npmjs.org/bootstrap-icons/-/bootstrap-icons-1.8.1.tgz",
            "integrity": "sha512-IXUqislddPJfwq6H+2nTkHyr9epO9h6u1AG0OZCx616w+TgzeoCjfmI3qJMQqt1J586gN2IxzB4M99Ip4sTZ1w==",
            "engines": {
                "node": ">=10"
            }
        },
        "node_modules/bootstrap-switch-button": {
            "version": "1.1.0",
            "resolved": "https://registry.npmjs.org/bootstrap-switch-button/-/bootstrap-switch-button-1.1.0.tgz",
            "integrity": "sha512-RvEkM8Ig5tetj/mPzmehEUlPdEXnmo/KkvkXwBbr1R8X8YtNBAAH+/sdcO3oaRLxSSwDw70aC201D8Ee8N82Iw=="
        },
        "node_modules/choices.js": {
            "version": "9.1.0",
            "resolved": "https://registry.npmjs.org/choices.js/-/choices.js-9.1.0.tgz",
            "integrity": "sha512-6NnqiE/MNnNAiMzdW7phJ49nMQylkKMQ6La6PAS1+h1VhrGt38MOPnjzEJ3cRaECieqaGpl9eFGtI2icW27r8A==",
            "dependencies": {
                "deepmerge": "^4.2.2",
                "fuse.js": "^3.4.6",
                "redux": "^4.1.2"
            }
        },
        "node_modules/datatables.net": {
            "version": "1.11.3",
            "resolved": "https://registry.npmjs.org/datatables.net/-/datatables.net-1.11.3.tgz",
            "integrity": "sha512-VMj5qEaTebpNurySkM6jy6sGpl+s6onPK8xJhYr296R/vUBnz1+id16NVqNf9z5aR076OGcpGHCuiTuy4E05oQ==",
            "dependencies": {
                "jquery": ">=1.7"
            }
        },
        "node_modules/datatables.net-bs5": {
            "version": "1.11.3",
            "resolved": "https://registry.npmjs.org/datatables.net-bs5/-/datatables.net-bs5-1.11.3.tgz",
            "integrity": "sha512-u0tosKUR1XNpXzxOOt2NInnNYayt7GQoG+OM1xPRhdkZ7ZBD4oNF8S0aKve8yvSUq/ZwTMh4WJeh80GdmrJAdQ==",
            "dependencies": {
                "datatables.net": ">=1.10.25",
                "jquery": ">=1.7"
            }
        },
        "node_modules/deepmerge": {
            "version": "4.2.2",
            "resolved": "https://registry.npmjs.org/deepmerge/-/deepmerge-4.2.2.tgz",
            "integrity": "sha512-FJ3UgI4gIl+PHZm53knsuSFpE+nESMr7M4v9QcgB7S63Kj/6WqMiFQJpBBYz1Pt+66bZpP3Q7Lye0Oo9MPKEdg==",
            "engines": {
                "node": ">=0.10.0"
            }
        },
        "node_modules/fuse.js": {
            "version": "3.6.1",
            "resolved": "https://registry.npmjs.org/fuse.js/-/fuse.js-3.6.1.tgz",
            "integrity": "sha512-hT9yh/tiinkmirKrlv4KWOjztdoZo1mx9Qh4KvWqC7isoXwdUY3PNWUxceF4/qO9R6riA2C29jdTOeQOIROjgw==",
            "engines": {
                "node": ">=6"
            }
        },
        "node_modules/jquery": {
            "version": "3.6.0",
            "resolved": "https://registry.npmjs.org/jquery/-/jquery-3.6.0.tgz",
            "integrity": "sha512-JVzAR/AjBvVt2BmYhxRCSYysDsPcssdmTFnzyLEts9qNwmjmu4JTAMYubEfwVOSwpQ1I1sKKFcxhZCI2buerfw=="
        },
        "node_modules/redux": {
            "version": "4.1.2",
            "resolved": "https://registry.npmjs.org/redux/-/redux-4.1.2.tgz",
            "integrity": "sha512-SH8PglcebESbd/shgf6mii6EIoRM0zrQyjcuQ+ojmfxjTtE0z9Y8pa62iA/OJ58qjP6j27uyW4kUF4jl/jd6sw==",
            "dependencies": {
                "@babel/runtime": "^7.9.2"
            }
        },
        "node_modules/regenerator-runtime": {
            "version": "0.13.9",
            "resolved": "https://registry.npmjs.org/regenerator-runtime/-/regenerator-runtime-0.13.9.tgz",
            "integrity": "sha512-p3VT+cOEgxFsRRA9X4lkI1E+k2/CtnKtU4gcxyaCUreilL/vqI6CdZ3wxVUx3UOUg+gnUOQQcRI7BmSI656MYA=="
        }
    },
    "dependencies": {
        "@babel/runtime": {
            "version": "7.16.7",
            "resolved": "https://registry.npmjs.org/@babel/runtime/-/runtime-7.16.7.tgz",
            "integrity": "sha512-9E9FJowqAsytyOY6LG+1KuueckRL+aQW+mKvXRXnuFGyRAyepJPmEo9vgMfXUA6O9u3IeEdv9MAkppFcaQwogQ==",
            "requires": {
                "regenerator-runtime": "^0.13.4"
            }
        },
        "@popperjs/core": {
            "version": "2.11.2",
            "resolved": "https://registry.npmjs.org/@popperjs/core/-/core-2.11.2.tgz",
            "integrity": "sha512-92FRmppjjqz29VMJ2dn+xdyXZBrMlE42AV6Kq6BwjWV7CNUW1hs2FtxSNLQE+gJhaZ6AAmYuO9y8dshhcBl7vA=="
        },
        "bootstrap": {
            "version": "5.1.3",
            "resolved": "https://registry.npmjs.org/bootstrap/-/bootstrap-5.1.3.tgz",
            "integrity": "sha512-fcQztozJ8jToQWXxVuEyXWW+dSo8AiXWKwiSSrKWsRB/Qt+Ewwza+JWoLKiTuQLaEPhdNAJ7+Dosc9DOIqNy7Q==",
            "requires": {}
        },
        "bootstrap-icons": {
            "version": "1.8.1",
            "resolved": "https://registry.npmjs.org/bootstrap-icons/-/bootstrap-icons-1.8.1.tgz",
            "integrity": "sha512-IXUqislddPJfwq6H+2nTkHyr9epO9h6u1AG0OZCx616w+TgzeoCjfmI3qJMQqt1J586gN2IxzB4M99Ip4sTZ1w=="
        },
        "bootstrap-switch-button": {
            "version": "1.1.0",
            "resolved": "https://registry.npmjs.org/bootstrap-switch-button/-/bootstrap-switch-button-1.1.0.tgz",
            "integrity": "sha512-RvEkM8Ig5tetj/mPzmehEUlPdEXnmo/KkvkXwBbr1R8X8YtNBAAH+/sdcO3oaRLxSSwDw70aC201D8Ee8N82Iw=="
        },
        "choices.js": {
            "version": "9.1.0",
            "resolved": "https://registry.npmjs.org/choices.js/-/choices.js-9.1.0.tgz",
            "integrity": "sha512-6NnqiE/MNnNAiMzdW7phJ49nMQylkKMQ6La6PAS1+h1VhrGt38MOPnjzEJ3cRaECieqaGpl9eFGtI2icW27r8A==",
            "requires": {
                "deepmerge": "^4.2.2",
                "fuse.js": "^3.4.6",
                "redux": "^4.1.2"
            }
        },
        "datatables.net": {
            "version": "1.11.3",
            "resolved": "https://registry.npmjs.org/datatables.net/-/datatables.net-1.11.3.tgz",
            "integrity": "sha512-VMj5qEaTebpNurySkM6jy6sGpl+s6onPK8xJhYr296R/vUBnz1+id16NVqNf9z5aR076OGcpGHCuiTuy4E05oQ==",
            "requires": {
                "jquery": ">=1.7"
            }
        },
        "datatables.net-bs5": {
            "version": "1.11.3",
            "resolved": "https://registry.npmjs.org/datatables.net-bs5/-/datatables.net-bs5-1.11.3.tgz",
            "integrity": "sha512-u0tosKUR1XNpXzxOOt2NInnNYayt7GQoG+OM1xPRhdkZ7ZBD4oNF8S0aKve8yvSUq/ZwTMh4WJeh80GdmrJAdQ==",
            "requires": {
                "datatables.net": ">=1.10.25",
                "jquery": ">=1.7"
            }
        },
        "deepmerge": {
            "version": "4.2.2",
            "resolved": "https://registry.npmjs.org/deepmerge/-/deepmerge-4.2.2.tgz",
            "integrity": "sha512-FJ3UgI4gIl+PHZm53knsuSFpE+nESMr7M4v9QcgB7S63Kj/6WqMiFQJpBBYz1Pt+66bZpP3Q7Lye0Oo9MPKEdg=="
        },
        "fuse.js": {
            "version": "3.6.1",
            "resolved": "https://registry.npmjs.org/fuse.js/-/fuse.js-3.6.1.tgz",
            "integrity": "sha512-hT9yh/tiinkmirKrlv4KWOjztdoZo1mx9Qh4KvWqC7isoXwdUY3PNWUxceF4/qO9R6riA2C29jdTOeQOIROjgw=="
        },
        "jquery": {
            "version": "3.6.0",
            "resolved": "https://registry.npmjs.org/jquery/-/jquery-3.6.0.tgz",
            "integrity": "sha512-JVzAR/AjBvVt2BmYhxRCSYysDsPcssdmTFnzyLEts9qNwmjmu4JTAMYubEfwVOSwpQ1I1sKKFcxhZCI2buerfw=="
        },
        "redux": {
            "version": "4.1.2",
            "resolved": "https://registry.npmjs.org/redux/-/redux-4.1.2.tgz",
            "integrity": "sha512-SH8PglcebESbd/shgf6mii6EIoRM0zrQyjcuQ+ojmfxjTtE0z9Y8pa62iA/OJ58qjP6j27uyW4kUF4jl/jd6sw==",
            "requires": {
                "@babel/runtime": "^7.9.2"
            }
        },
        "regenerator-runtime": {
            "version": "0.13.9",
            "resolved": "https://registry.npmjs.org/regenerator-runtime/-/regenerator-runtime-0.13.9.tgz",
            "integrity": "sha512-p3VT+cOEgxFsRRA9X4lkI1E+k2/CtnKtU4gcxyaCUreilL/vqI6CdZ3wxVUx3UOUg+gnUOQQcRI7BmSI656MYA=="
        }
    }
}
